
Microsoft Visual Studio Solution File, Format Version 12.00
# Visual Studio 15
VisualStudioVersion = 15.0.26430.16
MinimumVisualStudioVersion = 10.0.40219.1
Project("{FAE04EC0-301F-11D3-BF4B-00C04F79EFBC}") = "MKOTHDiscordBot", "MKOTHDiscordBot\MKOTHDiscordBot.csproj", "{55066602-6B3D-4D1E-8452-5607E7191F0E}"
EndProject
Project("{9A19103F-16F7-4668-BE54-9A1E7A4F7556}") = "Cerlancism.ChatSystem", "Cerlancism.ChatSystem\Cerlancism.ChatSystem.csproj", "{F911C9C4-EE8A-4BBC-A3D9-57C7C41EB158}"
EndProject
Project("{FAE04EC0-301F-11D3-BF4B-00C04F79EFBC}") = "UnitTest", "UnitTest\UnitTest.csproj", "{B2A44D42-EFD5-4F15-8456-22516E3F1405}"
EndProject
Project("{FAE04EC0-301F-11D3-BF4B-00C04F79EFBC}") = "Cerlancism.TieredEloRankingSystem", "Cerlancism.TieredEloRankingSystem\Cerlancism.TieredEloRankingSystem.csproj", "{56823D28-8053-480F-8D95-99FA759BE300}"
EndProject
Global
	GlobalSection(SolutionConfigurationPlatforms) = preSolution
		Debug|Any CPU = Debug|Any CPU
		Release|Any CPU = Release|Any CPU
	EndGlobalSection
	GlobalSection(ProjectConfigurationPlatforms) = postSolution
		{55066602-6B3D-4D1E-8452-5607E7191F0E}.Debug|Any CPU.ActiveCfg = Debug|Any CPU
		{55066602-6B3D-4D1E-8452-5607E7191F0E}.Debug|Any CPU.Build.0 = Debug|Any CPU
		{55066602-6B3D-4D1E-8452-5607E7191F0E}.Release|Any CPU.ActiveCfg = Release|Any CPU
		{55066602-6B3D-4D1E-8452-5607E7191F0E}.Release|Any CPU.Build.0 = Release|Any CPU
		{F911C9C4-EE8A-4BBC-A3D9-57C7C41EB158}.Debug|Any CPU.ActiveCfg = Debug|Any CPU
		{F911C9C4-EE8A-4BBC-A3D9-57C7C41EB158}.Debug|Any CPU.Build.0 = Debug|Any CPU
		{F911C9C4-EE8A-4BBC-A3D9-57C7C41EB158}.Release|Any CPU.ActiveCfg = Release|Any CPU
		{F911C9C4-EE8A-4BBC-A3D9-57C7C41EB158}.Release|Any CPU.Build.0 = Release|Any CPU
		{B2A44D42-EFD5-4F15-8456-22516E3F1405}.Debug|Any CPU.ActiveCfg = Debug|Any CPU
		{B2A44D42-EFD5-4F15-8456-22516E3F1405}.Debug|Any CPU.Build.0 = Debug|Any CPU
		{B2A44D42-EFD5-4F15-8456-22516E3F1405}.Release|Any CPU.ActiveCfg = Release|Any CPU
		{B2A44D42-EFD5-4F15-8456-22516E3F1405}.Release|Any CPU.Build.0 = Release|Any CPU
		{56823D28-8053-480F-8D95-99FA759BE300}.Debug|Any CPU.ActiveCfg = Debug|Any CPU
		{56823D28-8053-480F-8D95-99FA759BE300}.Debug|Any CPU.Build.0 = Debug|Any CPU
		{56823D28-8053-480F-8D95-99FA759BE300}.Release|Any CPU.ActiveCfg = Release|Any CPU
		{56823D28-8053-480F-8D95-99FA759BE300}.Release|Any CPU.Build.0 = Release|Any CPU
	EndGlobalSection
	GlobalSection(SolutionProperties) = preSolution
		HideSolutionNode = FALSE
	EndGlobalSection
	GlobalSection(ExtensibilityGlobals) = postSolution
		SolutionGuid = {C55E13F6-9216-451E-8809-828C1D5A6CAF}
	EndGlobalSection
EndGlobal
