
Microsoft Visual Studio Solution File, Format Version 12.00
# Visual Studio Version 16
VisualStudioVersion = 16.0.29609.76
MinimumVisualStudioVersion = 10.0.40219.1
Project("{9A19103F-16F7-4668-BE54-9A1E7A4F7556}") = "MKOTH-DiscordBot", "MKOTH-DiscordBot\MKOTH-DiscordBot.csproj", "{1479792A-BB2B-4AB4-BC79-E1ED0E23766F}"
EndProject
Project("{9A19103F-16F7-4668-BE54-9A1E7A4F7556}") = "Cerlancism.ChatSystem", "Cerlancism.ChatSystem\Cerlancism.ChatSystem.csproj", "{7B095135-22C5-42AB-8FE4-ADEC5F32C71F}"
EndProject
Project("{FAE04EC0-301F-11D3-BF4B-00C04F79EFBC}") = "Cerlancism.ChatSystemTests", "Cerlancism.ChatSystemTests\Cerlancism.ChatSystemTests.csproj", "{4285CF36-8D35-48DA-80D1-B6F5BD18C7C7}"
EndProject
Global
	GlobalSection(SolutionConfigurationPlatforms) = preSolution
		Debug|Any CPU = Debug|Any CPU
		Release|Any CPU = Release|Any CPU
	EndGlobalSection
	GlobalSection(ProjectConfigurationPlatforms) = postSolution
		{1479792A-BB2B-4AB4-BC79-E1ED0E23766F}.Debug|Any CPU.ActiveCfg = Debug|Any CPU
		{1479792A-BB2B-4AB4-BC79-E1ED0E23766F}.Debug|Any CPU.Build.0 = Debug|Any CPU
		{1479792A-BB2B-4AB4-BC79-E1ED0E23766F}.Release|Any CPU.ActiveCfg = Release|Any CPU
		{1479792A-BB2B-4AB4-BC79-E1ED0E23766F}.Release|Any CPU.Build.0 = Release|Any CPU
		{7B095135-22C5-42AB-8FE4-ADEC5F32C71F}.Debug|Any CPU.ActiveCfg = Debug|Any CPU
		{7B095135-22C5-42AB-8FE4-ADEC5F32C71F}.Debug|Any CPU.Build.0 = Debug|Any CPU
		{7B095135-22C5-42AB-8FE4-ADEC5F32C71F}.Release|Any CPU.ActiveCfg = Release|Any CPU
		{7B095135-22C5-42AB-8FE4-ADEC5F32C71F}.Release|Any CPU.Build.0 = Release|Any CPU
		{4285CF36-8D35-48DA-80D1-B6F5BD18C7C7}.Debug|Any CPU.ActiveCfg = Debug|Any CPU
		{4285CF36-8D35-48DA-80D1-B6F5BD18C7C7}.Debug|Any CPU.Build.0 = Debug|Any CPU
		{4285CF36-8D35-48DA-80D1-B6F5BD18C7C7}.Release|Any CPU.ActiveCfg = Release|Any CPU
		{4285CF36-8D35-48DA-80D1-B6F5BD18C7C7}.Release|Any CPU.Build.0 = Release|Any CPU
	EndGlobalSection
	GlobalSection(SolutionProperties) = preSolution
		HideSolutionNode = FALSE
	EndGlobalSection
	GlobalSection(ExtensibilityGlobals) = postSolution
		SolutionGuid = {C55E13F6-9216-451E-8809-828C1D5A6CAF}
	EndGlobalSection
EndGlobal
